
Microsoft Visual Studio Solution File, Format Version 12.00
# Visual Studio Version 17
VisualStudioVersion = 17.3.32825.248
MinimumVisualStudioVersion = 10.0.40219.1
Project("{FAE04EC0-301F-11D3-BF4B-00C04F79EFBC}") = "abstractClass", "abstractClass\abstractClass.csproj", "{E76A7FAD-A6E5-4426-8111-70D4E6EBD35E}"
EndProject
Global
	GlobalSection(SolutionConfigurationPlatforms) = preSolution
		Debug|Any CPU = Debug|Any CPU
		Release|Any CPU = Release|Any CPU
	EndGlobalSection
	GlobalSection(ProjectConfigurationPlatforms) = postSolution
		{E76A7FAD-A6E5-4426-8111-70D4E6EBD35E}.Debug|Any CPU.ActiveCfg = Debug|Any CPU
		{E76A7FAD-A6E5-4426-8111-70D4E6EBD35E}.Debug|Any CPU.Build.0 = Debug|Any CPU
		{E76A7FAD-A6E5-4426-8111-70D4E6EBD35E}.Release|Any CPU.ActiveCfg = Release|Any CPU
		{E76A7FAD-A6E5-4426-8111-70D4E6EBD35E}.Release|Any CPU.Build.0 = Release|Any CPU
	EndGlobalSection
	GlobalSection(SolutionProperties) = preSolution
		HideSolutionNode = FALSE
	EndGlobalSection
	GlobalSection(ExtensibilityGlobals) = postSolution
		SolutionGuid = {5D90C8D9-EF7A-4D69-8F01-A5519602E8F4}
	EndGlobalSection
EndGlobal
